// !$*UTF8*$!
{
	archiveVersion = 1;
	classes = {
	};
	objectVersion = 51;
	objects = {

/* Begin PBXBuildFile section */
		04138A2721D15C74008522FF /* General.swift in Sources */ = {isa = PBXBuildFile; fileRef = 04138A2521D15C73008522FF /* General.swift */; };
		04138A2821D15C74008522FF /* CheckLanguage.swift in Sources */ = {isa = PBXBuildFile; fileRef = 04138A2621D15C74008522FF /* CheckLanguage.swift */; };
		04138A2D21D15C92008522FF /* Localizable.strings in Resources */ = {isa = PBXBuildFile; fileRef = 04138A2A21D15C91008522FF /* Localizable.strings */; };
		4562F2328F6C69C47E9333FA /* Pods_Tadlaly.framework in Frameworks */ = {isa = PBXBuildFile; fileRef = 76749E5A1B065322F63F0842 /* Pods_Tadlaly.framework */; };
		8F00BA4622536DB20034A742 /* API + Follow.swift in Sources */ = {isa = PBXBuildFile; fileRef = 8F00BA4522536DB20034A742 /* API + Follow.swift */; };
		8F00BA49225373F50034A742 /* MyFollowersVC.swift in Sources */ = {isa = PBXBuildFile; fileRef = 8F00BA48225373F50034A742 /* MyFollowersVC.swift */; };
		8F00BA4B225374E80034A742 /* MyFollowCell.swift in Sources */ = {isa = PBXBuildFile; fileRef = 8F00BA4A225374E80034A742 /* MyFollowCell.swift */; };
		8F00BA4D22538B1F0034A742 /* MyFollowers.swift in Sources */ = {isa = PBXBuildFile; fileRef = 8F00BA4C22538B1F0034A742 /* MyFollowers.swift */; };
		8F039256227B974F00434EC8 /* String + Extension.swift in Sources */ = {isa = PBXBuildFile; fileRef = 8F039255227B974E00434EC8 /* String + Extension.swift */; };
		8F039258227B982F00434EC8 /* UITextField + extension.swift in Sources */ = {isa = PBXBuildFile; fileRef = 8F039257227B982F00434EC8 /* UITextField + extension.swift */; };
		8F07FE6721CDD30600B3B529 /* GoogleService-Info.plist in Resources */ = {isa = PBXBuildFile; fileRef = 8F07FE6621CDD30500B3B529 /* GoogleService-Info.plist */; };
		8F08BE0E21A6614C00E6D73A /* MyAds.swift in Sources */ = {isa = PBXBuildFile; fileRef = 8F08BE0D21A6614C00E6D73A /* MyAds.swift */; };
		8F138FF0218210090083F90E /* AdContentVC.swift in Sources */ = {isa = PBXBuildFile; fileRef = 8F138FEF218210090083F90E /* AdContentVC.swift */; };
		8F1B393722961ED000AF6DEF /* BadgeBarButtonItem.swift in Sources */ = {isa = PBXBuildFile; fileRef = 8F1B393622961ED000AF6DEF /* BadgeBarButtonItem.swift */; };
		8F249677224BCA7400A69168 /* BankVC.swift in Sources */ = {isa = PBXBuildFile; fileRef = 8F249676224BCA7300A69168 /* BankVC.swift */; };
		8F24967B224BD08C00A69168 /* BankAccountCell.swift in Sources */ = {isa = PBXBuildFile; fileRef = 8F24967A224BD08C00A69168 /* BankAccountCell.swift */; };
		8F33A182223D71E800E7D171 /* BankCell.swift in Sources */ = {isa = PBXBuildFile; fileRef = 8F33A181223D71E800E7D171 /* BankCell.swift */; };
		8F3577ED224ACF4B00361FFD /* NavigationController.swift in Sources */ = {isa = PBXBuildFile; fileRef = 8F3577EC224ACF4900361FFD /* NavigationController.swift */; };
		8F47F571217EB43900DFB255 /* AdsVC.swift in Sources */ = {isa = PBXBuildFile; fileRef = 8F47F570217EB43700DFB255 /* AdsVC.swift */; };
		8F47F575217ED01700DFB255 /* CategoryCell.swift in Sources */ = {isa = PBXBuildFile; fileRef = 8F47F574217ED01700DFB255 /* CategoryCell.swift */; };
		8F47F577217ED17E00DFB255 /* SlidShowData.swift in Sources */ = {isa = PBXBuildFile; fileRef = 8F47F576217ED17E00DFB255 /* SlidShowData.swift */; };
		8F47F579217ED23100DFB255 /* CategoriesDep.swift in Sources */ = {isa = PBXBuildFile; fileRef = 8F47F578217ED23100DFB255 /* CategoriesDep.swift */; };
		8F47F57B217ED85700DFB255 /* API+Ads.swift in Sources */ = {isa = PBXBuildFile; fileRef = 8F47F57A217ED85700DFB255 /* API+Ads.swift */; };
		8F6AE821217FB069009CA176 /* AdCell.swift in Sources */ = {isa = PBXBuildFile; fileRef = 8F6AE820217FB068009CA176 /* AdCell.swift */; };
		8F6AE823217FB64C009CA176 /* Ad.swift in Sources */ = {isa = PBXBuildFile; fileRef = 8F6AE822217FB64B009CA176 /* Ad.swift */; };
		8F82767721EE958B00674934 /* SWRevealViewController.m in Sources */ = {isa = PBXBuildFile; fileRef = 8F82767521EE958A00674934 /* SWRevealViewController.m */; };
		8F82767921EE9A2B00674934 /* SliderTableViewController.swift in Sources */ = {isa = PBXBuildFile; fileRef = 8F82767821EE9A2B00674934 /* SliderTableViewController.swift */; };
		8F853B7E217AC77C007311C8 /* AppDelegate.swift in Sources */ = {isa = PBXBuildFile; fileRef = 8F853B7D217AC77C007311C8 /* AppDelegate.swift */; };
		8F853B80217AC77C007311C8 /* LogInVC.swift in Sources */ = {isa = PBXBuildFile; fileRef = 8F853B7F217AC77C007311C8 /* LogInVC.swift */; };
		8F853B83217AC77C007311C8 /* Main.storyboard in Resources */ = {isa = PBXBuildFile; fileRef = 8F853B81217AC77C007311C8 /* Main.storyboard */; };
		8F853B85217AC77C007311C8 /* Assets.xcassets in Resources */ = {isa = PBXBuildFile; fileRef = 8F853B84217AC77C007311C8 /* Assets.xcassets */; };
		8F853B88217AC77C007311C8 /* LaunchScreen.storyboard in Resources */ = {isa = PBXBuildFile; fileRef = 8F853B86217AC77C007311C8 /* LaunchScreen.storyboard */; };
		8F93718D2183C76400903769 /* RulesVC.swift in Sources */ = {isa = PBXBuildFile; fileRef = 8F93718C2183C76200903769 /* RulesVC.swift */; };
		8F93718F21841EF800903769 /* ProfileVC.swift in Sources */ = {isa = PBXBuildFile; fileRef = 8F93718E21841EF800903769 /* ProfileVC.swift */; };
		8F9371922186CB5200903769 /* CommisionVC.swift in Sources */ = {isa = PBXBuildFile; fileRef = 8F9371912186CB5100903769 /* CommisionVC.swift */; };
		8F9371942186CDA700903769 /* BankAccounts.swift in Sources */ = {isa = PBXBuildFile; fileRef = 8F9371932186CDA700903769 /* BankAccounts.swift */; };
		8F9371962187EBFD00903769 /* AddAdVC.swift in Sources */ = {isa = PBXBuildFile; fileRef = 8F9371952187EBFD00903769 /* AddAdVC.swift */; };
		8F9371982187EC6900903769 /* ContractVC.swift in Sources */ = {isa = PBXBuildFile; fileRef = 8F9371972187EC6900903769 /* ContractVC.swift */; };
		8F93719A2187F30300903769 /* UpdateMyAdVC.swift in Sources */ = {isa = PBXBuildFile; fileRef = 8F9371992187F30300903769 /* UpdateMyAdVC.swift */; };
		8F93719C2187F3B500903769 /* MyAdsVC.swift in Sources */ = {isa = PBXBuildFile; fileRef = 8F93719B2187F3B500903769 /* MyAdsVC.swift */; };
		8F93719E2188043C00903769 /* API+UserAds.swift in Sources */ = {isa = PBXBuildFile; fileRef = 8F93719D2188043C00903769 /* API+UserAds.swift */; };
		8F9371A02188A5BD00903769 /* AddAdCell.swift in Sources */ = {isa = PBXBuildFile; fileRef = 8F93719F2188A5BD00903769 /* AddAdCell.swift */; };
		8F9371A22188A5E700903769 /* UpdateMyAdCell.swift in Sources */ = {isa = PBXBuildFile; fileRef = 8F9371A12188A5E700903769 /* UpdateMyAdCell.swift */; };
		8F9371A42188E2F000903769 /* LaunchScreenVC.swift in Sources */ = {isa = PBXBuildFile; fileRef = 8F9371A32188E2F000903769 /* LaunchScreenVC.swift */; };
		8F9371A62188EDB600903769 /* Video.MOV in Resources */ = {isa = PBXBuildFile; fileRef = 8F9371A52188EDB500903769 /* Video.MOV */; };
		8F9371A82189135900903769 /* ChatVC.swift in Sources */ = {isa = PBXBuildFile; fileRef = 8F9371A72189135800903769 /* ChatVC.swift */; };
		8F9371AA218940B000903769 /* Message.swift in Sources */ = {isa = PBXBuildFile; fileRef = 8F9371A9218940AF00903769 /* Message.swift */; };
		8F9371AC2189420600903769 /* ChatCell.swift in Sources */ = {isa = PBXBuildFile; fileRef = 8F9371AB2189420600903769 /* ChatCell.swift */; };
		8F9371AE2189425200903769 /* MessagesCell.swift in Sources */ = {isa = PBXBuildFile; fileRef = 8F9371AD2189425200903769 /* MessagesCell.swift */; };
		8F9371B02189533600903769 /* API+Messages.swift in Sources */ = {isa = PBXBuildFile; fileRef = 8F9371AF2189533600903769 /* API+Messages.swift */; };
		8F9371B22189609F00903769 /* MessagesVC.swift in Sources */ = {isa = PBXBuildFile; fileRef = 8F9371B12189609F00903769 /* MessagesVC.swift */; };
		8F9371B4218979DE00903769 /* MyAdsCell.swift in Sources */ = {isa = PBXBuildFile; fileRef = 8F9371B3218979DE00903769 /* MyAdsCell.swift */; };
		8F9DC629218043120068E4D5 /* AdCollectionCell.swift in Sources */ = {isa = PBXBuildFile; fileRef = 8F9DC628218043100068E4D5 /* AdCollectionCell.swift */; };
		8F9DC62B2180C17E0068E4D5 /* AboutUsVC.swift in Sources */ = {isa = PBXBuildFile; fileRef = 8F9DC62A2180C17E0068E4D5 /* AboutUsVC.swift */; };
		8F9DC62D2180CBC90068E4D5 /* SearchVC.swift in Sources */ = {isa = PBXBuildFile; fileRef = 8F9DC62C2180CBC90068E4D5 /* SearchVC.swift */; };
		8F9DC62F2180CE170068E4D5 /* ContactUsVC.swift in Sources */ = {isa = PBXBuildFile; fileRef = 8F9DC62E2180CE170068E4D5 /* ContactUsVC.swift */; };
		8F9DC6312180E8E10068E4D5 /* searchCell.swift in Sources */ = {isa = PBXBuildFile; fileRef = 8F9DC6302180E8E00068E4D5 /* searchCell.swift */; };
		8FAE3CDA21FF6E3F0083360D /* UITableView+Ext.swift in Sources */ = {isa = PBXBuildFile; fileRef = 8FAE3CD721FF6E3E0083360D /* UITableView+Ext.swift */; };
		8FAE3CDB21FF6E3F0083360D /* Animations.swift in Sources */ = {isa = PBXBuildFile; fileRef = 8FAE3CD821FF6E3E0083360D /* Animations.swift */; };
		8FAE3CDC21FF6E3F0083360D /* Animator.swift in Sources */ = {isa = PBXBuildFile; fileRef = 8FAE3CD921FF6E3E0083360D /* Animator.swift */; };
		8FAE563D217CEBD200B4B170 /* CircleImage.swift in Sources */ = {isa = PBXBuildFile; fileRef = 8FAE563C217CEBD200B4B170 /* CircleImage.swift */; };
		8FAE563F217CEC8A00B4B170 /* ForgetPasswordVC.swift in Sources */ = {isa = PBXBuildFile; fileRef = 8FAE563E217CEC8A00B4B170 /* ForgetPasswordVC.swift */; };
		8FAE5641217D002E00B4B170 /* HomeVC.swift in Sources */ = {isa = PBXBuildFile; fileRef = 8FAE5640217D002D00B4B170 /* HomeVC.swift */; };
		8FAE5643217D97A000B4B170 /* TextField+Extension.swift in Sources */ = {isa = PBXBuildFile; fileRef = 8FAE5642217D97A000B4B170 /* TextField+Extension.swift */; };
		8FBA75A9217B8B4C00770A25 /* ImageInsideTextField.swift in Sources */ = {isa = PBXBuildFile; fileRef = 8FBA75A8217B8B4C00770A25 /* ImageInsideTextField.swift */; };
		8FBA75AB217B8F7D00770A25 /* SkipBorderButton.swift in Sources */ = {isa = PBXBuildFile; fileRef = 8FBA75AA217B8F7C00770A25 /* SkipBorderButton.swift */; };
		8FBA75AD217B905A00770A25 /* CornerButtons.swift in Sources */ = {isa = PBXBuildFile; fileRef = 8FBA75AC217B905A00770A25 /* CornerButtons.swift */; };
		8FBA75AF217BDFC700770A25 /* Config.swift in Sources */ = {isa = PBXBuildFile; fileRef = 8FBA75AE217BDFC700770A25 /* Config.swift */; };
		8FBA75B1217BE0B500770A25 /* JSON+Extension.swift in Sources */ = {isa = PBXBuildFile; fileRef = 8FBA75B0217BE0B500770A25 /* JSON+Extension.swift */; };
		8FBA75B4217BE2C000770A25 /* API.swift in Sources */ = {isa = PBXBuildFile; fileRef = 8FBA75B3217BE2C000770A25 /* API.swift */; };
		8FBA75B6217BE4FE00770A25 /* tap.wav in Resources */ = {isa = PBXBuildFile; fileRef = 8FBA75B5217BE4FE00770A25 /* tap.wav */; };
		8FBA75B8217BE6D500770A25 /* helper.swift in Sources */ = {isa = PBXBuildFile; fileRef = 8FBA75B7217BE6D500770A25 /* helper.swift */; };
		8FBA75BC217BFCC100770A25 /* RegisterVC.swift in Sources */ = {isa = PBXBuildFile; fileRef = 8FBA75BB217BFCC100770A25 /* RegisterVC.swift */; };
		8FC403C3219A396A00FA8325 /* SubCell.swift in Sources */ = {isa = PBXBuildFile; fileRef = 8FC403C2219A396A00FA8325 /* SubCell.swift */; };
		8FE2364B228A3663007ADA7C /* ViewController + extensions.swift in Sources */ = {isa = PBXBuildFile; fileRef = 8FE2364A228A3663007ADA7C /* ViewController + extensions.swift */; };
		8FF0C3D8225969A1009B946A /* CategoryDep.swift in Sources */ = {isa = PBXBuildFile; fileRef = 8FF0C3D72259699D009B946A /* CategoryDep.swift */; };
/* End PBXBuildFile section */

/* Begin PBXFileReference section */
		04138A2521D15C73008522FF /* General.swift */ = {isa = PBXFileReference; fileEncoding = 4; lastKnownFileType = sourcecode.swift; path = General.swift; sourceTree = "<group>"; };
		04138A2621D15C74008522FF /* CheckLanguage.swift */ = {isa = PBXFileReference; fileEncoding = 4; lastKnownFileType = sourcecode.swift; path = CheckLanguage.swift; sourceTree = "<group>"; };
		04138A2B21D15C91008522FF /* ar */ = {isa = PBXFileReference; lastKnownFileType = text.plist.strings; name = ar; path = ar.lproj/Localizable.strings; sourceTree = "<group>"; };
		76749E5A1B065322F63F0842 /* Pods_Tadlaly.framework */ = {isa = PBXFileReference; explicitFileType = wrapper.framework; includeInIndex = 0; path = Pods_Tadlaly.framework; sourceTree = BUILT_PRODUCTS_DIR; };
		8F0019C921A8690700218500 /* Tadlaly.entitlements */ = {isa = PBXFileReference; lastKnownFileType = text.plist.entitlements; path = Tadlaly.entitlements; sourceTree = "<group>"; };
		8F00BA4522536DB20034A742 /* API + Follow.swift */ = {isa = PBXFileReference; lastKnownFileType = sourcecode.swift; path = "API + Follow.swift"; sourceTree = "<group>"; };
		8F00BA48225373F50034A742 /* MyFollowersVC.swift */ = {isa = PBXFileReference; lastKnownFileType = sourcecode.swift; name = MyFollowersVC.swift; path = "Tadlaly/Controller/My Followers/MyFollowersVC.swift"; sourceTree = SOURCE_ROOT; };
		8F00BA4A225374E80034A742 /* MyFollowCell.swift */ = {isa = PBXFileReference; lastKnownFileType = sourcecode.swift; path = MyFollowCell.swift; sourceTree = "<group>"; };
		8F00BA4C22538B1F0034A742 /* MyFollowers.swift */ = {isa = PBXFileReference; lastKnownFileType = sourcecode.swift; path = MyFollowers.swift; sourceTree = "<group>"; };
		8F039255227B974E00434EC8 /* String + Extension.swift */ = {isa = PBXFileReference; fileEncoding = 4; lastKnownFileType = sourcecode.swift; path = "String + Extension.swift"; sourceTree = "<group>"; };
		8F039257227B982F00434EC8 /* UITextField + extension.swift */ = {isa = PBXFileReference; fileEncoding = 4; lastKnownFileType = sourcecode.swift; path = "UITextField + extension.swift"; sourceTree = "<group>"; };
		8F07FE6621CDD30500B3B529 /* GoogleService-Info.plist */ = {isa = PBXFileReference; fileEncoding = 4; lastKnownFileType = text.plist.xml; path = "GoogleService-Info.plist"; sourceTree = "<group>"; };
		8F08BE0D21A6614C00E6D73A /* MyAds.swift */ = {isa = PBXFileReference; lastKnownFileType = sourcecode.swift; path = MyAds.swift; sourceTree = "<group>"; };
		8F138FEF218210090083F90E /* AdContentVC.swift */ = {isa = PBXFileReference; lastKnownFileType = sourcecode.swift; path = AdContentVC.swift; sourceTree = "<group>"; };
		8F1B393622961ED000AF6DEF /* BadgeBarButtonItem.swift */ = {isa = PBXFileReference; fileEncoding = 4; lastKnownFileType = sourcecode.swift; path = BadgeBarButtonItem.swift; sourceTree = "<group>"; };
		8F249676224BCA7300A69168 /* BankVC.swift */ = {isa = PBXFileReference; lastKnownFileType = sourcecode.swift; path = BankVC.swift; sourceTree = "<group>"; };
		8F24967A224BD08C00A69168 /* BankAccountCell.swift */ = {isa = PBXFileReference; lastKnownFileType = sourcecode.swift; path = BankAccountCell.swift; sourceTree = "<group>"; };
		8F33A181223D71E800E7D171 /* BankCell.swift */ = {isa = PBXFileReference; lastKnownFileType = sourcecode.swift; path = BankCell.swift; sourceTree = "<group>"; };
		8F3577EC224ACF4900361FFD /* NavigationController.swift */ = {isa = PBXFileReference; lastKnownFileType = sourcecode.swift; path = NavigationController.swift; sourceTree = "<group>"; };
		8F47F570217EB43700DFB255 /* AdsVC.swift */ = {isa = PBXFileReference; lastKnownFileType = sourcecode.swift; path = AdsVC.swift; sourceTree = "<group>"; };
		8F47F574217ED01700DFB255 /* CategoryCell.swift */ = {isa = PBXFileReference; lastKnownFileType = sourcecode.swift; path = CategoryCell.swift; sourceTree = "<group>"; };
		8F47F576217ED17E00DFB255 /* SlidShowData.swift */ = {isa = PBXFileReference; lastKnownFileType = sourcecode.swift; path = SlidShowData.swift; sourceTree = "<group>"; };
		8F47F578217ED23100DFB255 /* CategoriesDep.swift */ = {isa = PBXFileReference; lastKnownFileType = sourcecode.swift; path = CategoriesDep.swift; sourceTree = "<group>"; };
		8F47F57A217ED85700DFB255 /* API+Ads.swift */ = {isa = PBXFileReference; lastKnownFileType = sourcecode.swift; path = "API+Ads.swift"; sourceTree = "<group>"; };
		8F6AE820217FB068009CA176 /* AdCell.swift */ = {isa = PBXFileReference; lastKnownFileType = sourcecode.swift; path = AdCell.swift; sourceTree = "<group>"; };
		8F6AE822217FB64B009CA176 /* Ad.swift */ = {isa = PBXFileReference; lastKnownFileType = sourcecode.swift; path = Ad.swift; sourceTree = "<group>"; };
		8F82767421EE956200674934 /* Tadlaly-Bridging-Header.h */ = {isa = PBXFileReference; lastKnownFileType = sourcecode.c.h; path = "Tadlaly-Bridging-Header.h"; sourceTree = "<group>"; };
		8F82767521EE958A00674934 /* SWRevealViewController.m */ = {isa = PBXFileReference; fileEncoding = 4; lastKnownFileType = sourcecode.c.objc; path = SWRevealViewController.m; sourceTree = "<group>"; };
		8F82767621EE958A00674934 /* SWRevealViewController.h */ = {isa = PBXFileReference; fileEncoding = 4; lastKnownFileType = sourcecode.c.h; path = SWRevealViewController.h; sourceTree = "<group>"; };
		8F82767821EE9A2B00674934 /* SliderTableViewController.swift */ = {isa = PBXFileReference; lastKnownFileType = sourcecode.swift; path = SliderTableViewController.swift; sourceTree = "<group>"; };
		8F853B7A217AC77C007311C8 /* Tadlaly.app */ = {isa = PBXFileReference; explicitFileType = wrapper.application; includeInIndex = 0; path = Tadlaly.app; sourceTree = BUILT_PRODUCTS_DIR; };
		8F853B7D217AC77C007311C8 /* AppDelegate.swift */ = {isa = PBXFileReference; lastKnownFileType = sourcecode.swift; path = AppDelegate.swift; sourceTree = "<group>"; };
		8F853B7F217AC77C007311C8 /* LogInVC.swift */ = {isa = PBXFileReference; lastKnownFileType = sourcecode.swift; path = LogInVC.swift; sourceTree = "<group>"; };
		8F853B82217AC77C007311C8 /* Base */ = {isa = PBXFileReference; lastKnownFileType = file.storyboard; name = Base; path = Base.lproj/Main.storyboard; sourceTree = "<group>"; };
		8F853B84217AC77C007311C8 /* Assets.xcassets */ = {isa = PBXFileReference; lastKnownFileType = folder.assetcatalog; path = Assets.xcassets; sourceTree = "<group>"; };
		8F853B87217AC77C007311C8 /* Base */ = {isa = PBXFileReference; lastKnownFileType = file.storyboard; name = Base; path = Base.lproj/LaunchScreen.storyboard; sourceTree = "<group>"; };
		8F853B89217AC77C007311C8 /* Info.plist */ = {isa = PBXFileReference; lastKnownFileType = text.plist.xml; path = Info.plist; sourceTree = "<group>"; };
		8F93718C2183C76200903769 /* RulesVC.swift */ = {isa = PBXFileReference; lastKnownFileType = sourcecode.swift; path = RulesVC.swift; sourceTree = "<group>"; };
		8F93718E21841EF800903769 /* ProfileVC.swift */ = {isa = PBXFileReference; lastKnownFileType = sourcecode.swift; path = ProfileVC.swift; sourceTree = "<group>"; };
		8F9371912186CB5100903769 /* CommisionVC.swift */ = {isa = PBXFileReference; lastKnownFileType = sourcecode.swift; path = CommisionVC.swift; sourceTree = "<group>"; };
		8F9371932186CDA700903769 /* BankAccounts.swift */ = {isa = PBXFileReference; lastKnownFileType = sourcecode.swift; path = BankAccounts.swift; sourceTree = "<group>"; };
		8F9371952187EBFD00903769 /* AddAdVC.swift */ = {isa = PBXFileReference; lastKnownFileType = sourcecode.swift; path = AddAdVC.swift; sourceTree = "<group>"; };
		8F9371972187EC6900903769 /* ContractVC.swift */ = {isa = PBXFileReference; lastKnownFileType = sourcecode.swift; path = ContractVC.swift; sourceTree = "<group>"; };
		8F9371992187F30300903769 /* UpdateMyAdVC.swift */ = {isa = PBXFileReference; lastKnownFileType = sourcecode.swift; path = UpdateMyAdVC.swift; sourceTree = "<group>"; };
		8F93719B2187F3B500903769 /* MyAdsVC.swift */ = {isa = PBXFileReference; lastKnownFileType = sourcecode.swift; path = MyAdsVC.swift; sourceTree = "<group>"; };
		8F93719D2188043C00903769 /* API+UserAds.swift */ = {isa = PBXFileReference; lastKnownFileType = sourcecode.swift; path = "API+UserAds.swift"; sourceTree = "<group>"; };
		8F93719F2188A5BD00903769 /* AddAdCell.swift */ = {isa = PBXFileReference; lastKnownFileType = sourcecode.swift; path = AddAdCell.swift; sourceTree = "<group>"; };
		8F9371A12188A5E700903769 /* UpdateMyAdCell.swift */ = {isa = PBXFileReference; lastKnownFileType = sourcecode.swift; path = UpdateMyAdCell.swift; sourceTree = "<group>"; };
		8F9371A32188E2F000903769 /* LaunchScreenVC.swift */ = {isa = PBXFileReference; lastKnownFileType = sourcecode.swift; path = LaunchScreenVC.swift; sourceTree = "<group>"; };
		8F9371A52188EDB500903769 /* Video.MOV */ = {isa = PBXFileReference; lastKnownFileType = video.quicktime; path = Video.MOV; sourceTree = "<group>"; };
		8F9371A72189135800903769 /* ChatVC.swift */ = {isa = PBXFileReference; lastKnownFileType = sourcecode.swift; path = ChatVC.swift; sourceTree = "<group>"; };
		8F9371A9218940AF00903769 /* Message.swift */ = {isa = PBXFileReference; lastKnownFileType = sourcecode.swift; path = Message.swift; sourceTree = "<group>"; };
		8F9371AB2189420600903769 /* ChatCell.swift */ = {isa = PBXFileReference; lastKnownFileType = sourcecode.swift; path = ChatCell.swift; sourceTree = "<group>"; };
		8F9371AD2189425200903769 /* MessagesCell.swift */ = {isa = PBXFileReference; lastKnownFileType = sourcecode.swift; path = MessagesCell.swift; sourceTree = "<group>"; };
		8F9371AF2189533600903769 /* API+Messages.swift */ = {isa = PBXFileReference; lastKnownFileType = sourcecode.swift; path = "API+Messages.swift"; sourceTree = "<group>"; };
		8F9371B12189609F00903769 /* MessagesVC.swift */ = {isa = PBXFileReference; lastKnownFileType = sourcecode.swift; path = MessagesVC.swift; sourceTree = "<group>"; };
		8F9371B3218979DE00903769 /* MyAdsCell.swift */ = {isa = PBXFileReference; lastKnownFileType = sourcecode.swift; path = MyAdsCell.swift; sourceTree = "<group>"; };
		8F9DC628218043100068E4D5 /* AdCollectionCell.swift */ = {isa = PBXFileReference; lastKnownFileType = sourcecode.swift; path = AdCollectionCell.swift; sourceTree = "<group>"; };
		8F9DC62A2180C17E0068E4D5 /* AboutUsVC.swift */ = {isa = PBXFileReference; lastKnownFileType = sourcecode.swift; path = AboutUsVC.swift; sourceTree = "<group>"; };
		8F9DC62C2180CBC90068E4D5 /* SearchVC.swift */ = {isa = PBXFileReference; lastKnownFileType = sourcecode.swift; path = SearchVC.swift; sourceTree = "<group>"; };
		8F9DC62E2180CE170068E4D5 /* ContactUsVC.swift */ = {isa = PBXFileReference; lastKnownFileType = sourcecode.swift; path = ContactUsVC.swift; sourceTree = "<group>"; };
		8F9DC6302180E8E00068E4D5 /* searchCell.swift */ = {isa = PBXFileReference; lastKnownFileType = sourcecode.swift; path = searchCell.swift; sourceTree = "<group>"; };
		8FAE3CD721FF6E3E0083360D /* UITableView+Ext.swift */ = {isa = PBXFileReference; fileEncoding = 4; lastKnownFileType = sourcecode.swift; path = "UITableView+Ext.swift"; sourceTree = "<group>"; };
		8FAE3CD821FF6E3E0083360D /* Animations.swift */ = {isa = PBXFileReference; fileEncoding = 4; lastKnownFileType = sourcecode.swift; path = Animations.swift; sourceTree = "<group>"; };
		8FAE3CD921FF6E3E0083360D /* Animator.swift */ = {isa = PBXFileReference; fileEncoding = 4; lastKnownFileType = sourcecode.swift; path = Animator.swift; sourceTree = "<group>"; };
		8FAE563C217CEBD200B4B170 /* CircleImage.swift */ = {isa = PBXFileReference; lastKnownFileType = sourcecode.swift; path = CircleImage.swift; sourceTree = "<group>"; };
		8FAE563E217CEC8A00B4B170 /* ForgetPasswordVC.swift */ = {isa = PBXFileReference; lastKnownFileType = sourcecode.swift; path = ForgetPasswordVC.swift; sourceTree = "<group>"; };
		8FAE5640217D002D00B4B170 /* HomeVC.swift */ = {isa = PBXFileReference; lastKnownFileType = sourcecode.swift; path = HomeVC.swift; sourceTree = "<group>"; };
		8FAE5642217D97A000B4B170 /* TextField+Extension.swift */ = {isa = PBXFileReference; lastKnownFileType = sourcecode.swift; path = "TextField+Extension.swift"; sourceTree = "<group>"; };
		8FBA75A8217B8B4C00770A25 /* ImageInsideTextField.swift */ = {isa = PBXFileReference; lastKnownFileType = sourcecode.swift; path = ImageInsideTextField.swift; sourceTree = "<group>"; };
		8FBA75AA217B8F7C00770A25 /* SkipBorderButton.swift */ = {isa = PBXFileReference; lastKnownFileType = sourcecode.swift; path = SkipBorderButton.swift; sourceTree = "<group>"; };
		8FBA75AC217B905A00770A25 /* CornerButtons.swift */ = {isa = PBXFileReference; lastKnownFileType = sourcecode.swift; path = CornerButtons.swift; sourceTree = "<group>"; };
		8FBA75AE217BDFC700770A25 /* Config.swift */ = {isa = PBXFileReference; lastKnownFileType = sourcecode.swift; path = Config.swift; sourceTree = "<group>"; };
		8FBA75B0217BE0B500770A25 /* JSON+Extension.swift */ = {isa = PBXFileReference; lastKnownFileType = sourcecode.swift; path = "JSON+Extension.swift"; sourceTree = "<group>"; };
		8FBA75B3217BE2C000770A25 /* API.swift */ = {isa = PBXFileReference; lastKnownFileType = sourcecode.swift; path = API.swift; sourceTree = "<group>"; };
		8FBA75B5217BE4FE00770A25 /* tap.wav */ = {isa = PBXFileReference; lastKnownFileType = audio.wav; path = tap.wav; sourceTree = "<group>"; };
		8FBA75B7217BE6D500770A25 /* helper.swift */ = {isa = PBXFileReference; lastKnownFileType = sourcecode.swift; path = helper.swift; sourceTree = "<group>"; };
		8FBA75BB217BFCC100770A25 /* RegisterVC.swift */ = {isa = PBXFileReference; lastKnownFileType = sourcecode.swift; path = RegisterVC.swift; sourceTree = "<group>"; };
		8FC403C2219A396A00FA8325 /* SubCell.swift */ = {isa = PBXFileReference; lastKnownFileType = sourcecode.swift; path = SubCell.swift; sourceTree = "<group>"; };
		8FDD1166218D5BF200219064 /* ar */ = {isa = PBXFileReference; lastKnownFileType = text.plist.strings; name = ar; path = ar.lproj/Main.strings; sourceTree = "<group>"; };
		8FDD1167218D5BF200219064 /* ar */ = {isa = PBXFileReference; lastKnownFileType = text.plist.strings; name = ar; path = ar.lproj/LaunchScreen.strings; sourceTree = "<group>"; };
		8FE2364A228A3663007ADA7C /* ViewController + extensions.swift */ = {isa = PBXFileReference; fileEncoding = 4; lastKnownFileType = sourcecode.swift; path = "ViewController + extensions.swift"; sourceTree = "<group>"; };
		8FF0C3D72259699D009B946A /* CategoryDep.swift */ = {isa = PBXFileReference; lastKnownFileType = sourcecode.swift; path = CategoryDep.swift; sourceTree = "<group>"; };
		B890D90DC3008670EB6713AB /* Pods-Tadlaly.debug.xcconfig */ = {isa = PBXFileReference; includeInIndex = 1; lastKnownFileType = text.xcconfig; name = "Pods-Tadlaly.debug.xcconfig"; path = "Pods/Target Support Files/Pods-Tadlaly/Pods-Tadlaly.debug.xcconfig"; sourceTree = "<group>"; };
		EDA64B03E5E27BC4D874572B /* Pods-Tadlaly.release.xcconfig */ = {isa = PBXFileReference; includeInIndex = 1; lastKnownFileType = text.xcconfig; name = "Pods-Tadlaly.release.xcconfig"; path = "Pods/Target Support Files/Pods-Tadlaly/Pods-Tadlaly.release.xcconfig"; sourceTree = "<group>"; };
/* End PBXFileReference section */

/* Begin PBXFrameworksBuildPhase section */
		8F853B77217AC77C007311C8 /* Frameworks */ = {
			isa = PBXFrameworksBuildPhase;
			buildActionMask = 2147483647;
			files = (
				4562F2328F6C69C47E9333FA /* Pods_Tadlaly.framework in Frameworks */,
			);
			runOnlyForDeploymentPostprocessing = 0;
		};
/* End PBXFrameworksBuildPhase section */

/* Begin PBXGroup section */
		04138A2921D15C91008522FF /* localization */ = {
			isa = PBXGroup;
			children = (
				04138A2A21D15C91008522FF /* Localizable.strings */,
			);
			path = localization;
			sourceTree = "<group>";
		};
		0B791CFF8F92A0A7CFE1254F /* Pods */ = {
			isa = PBXGroup;
			children = (
				B890D90DC3008670EB6713AB /* Pods-Tadlaly.debug.xcconfig */,
				EDA64B03E5E27BC4D874572B /* Pods-Tadlaly.release.xcconfig */,
			);
			name = Pods;
			sourceTree = "<group>";
		};
		8F00BA472253726F0034A742 /* My Followers */ = {
			isa = PBXGroup;
			children = (
				8F00BA48225373F50034A742 /* MyFollowersVC.swift */,
				8F00BA4A225374E80034A742 /* MyFollowCell.swift */,
			);
			path = "My Followers";
			sourceTree = "<group>";
		};
		8F249675224BC9FD00A69168 /* BankAccount */ = {
			isa = PBXGroup;
			children = (
				8F249676224BCA7300A69168 /* BankVC.swift */,
				8F24967A224BD08C00A69168 /* BankAccountCell.swift */,
			);
			path = BankAccount;
			sourceTree = "<group>";
		};
		8F33A180223D710200E7D171 /* Commision */ = {
			isa = PBXGroup;
			children = (
				8F9371912186CB5100903769 /* CommisionVC.swift */,
				8F33A181223D71E800E7D171 /* BankCell.swift */,
			);
			path = Commision;
			sourceTree = "<group>";
		};
		8F35F41A219FEA91008B2BD1 /* Others */ = {
			isa = PBXGroup;
			children = (
				8F9371A32188E2F000903769 /* LaunchScreenVC.swift */,
				8F9DC62E2180CE170068E4D5 /* ContactUsVC.swift */,
				8F9DC62A2180C17E0068E4D5 /* AboutUsVC.swift */,
				8F93718C2183C76200903769 /* RulesVC.swift */,
				8F853B7D217AC77C007311C8 /* AppDelegate.swift */,
				8F82767821EE9A2B00674934 /* SliderTableViewController.swift */,
				8F3577EC224ACF4900361FFD /* NavigationController.swift */,
			);
			path = Others;
			sourceTree = "<group>";
		};
		8F740F3E21948F0E00A00943 /* Auth */ = {
			isa = PBXGroup;
			children = (
				8F853B7F217AC77C007311C8 /* LogInVC.swift */,
				8FBA75BB217BFCC100770A25 /* RegisterVC.swift */,
				8FAE563E217CEC8A00B4B170 /* ForgetPasswordVC.swift */,
				8F93718E21841EF800903769 /* ProfileVC.swift */,
			);
			path = Auth;
			sourceTree = "<group>";
		};
		8F853B71217AC77C007311C8 = {
			isa = PBXGroup;
			children = (
				8F853B7C217AC77C007311C8 /* Tadlaly */,
				8F853B84217AC77C007311C8 /* Assets.xcassets */,
				8F853B89217AC77C007311C8 /* Info.plist */,
				8F07FE6621CDD30500B3B529 /* GoogleService-Info.plist */,
				8F853B7B217AC77C007311C8 /* Products */,
				0B791CFF8F92A0A7CFE1254F /* Pods */,
				B8C73D13DA22A82DB196BAF7 /* Frameworks */,
			);
			sourceTree = "<group>";
		};
		8F853B7B217AC77C007311C8 /* Products */ = {
			isa = PBXGroup;
			children = (
				8F853B7A217AC77C007311C8 /* Tadlaly.app */,
			);
			name = Products;
			sourceTree = "<group>";
		};
		8F853B7C217AC77C007311C8 /* Tadlaly */ = {
			isa = PBXGroup;
			children = (
				8F82767621EE958A00674934 /* SWRevealViewController.h */,
				8F82767521EE958A00674934 /* SWRevealViewController.m */,
				8F82767421EE956200674934 /* Tadlaly-Bridging-Header.h */,
				8FAE3CD621FF6E3E0083360D /* TableViewAnimation */,
				04138A2921D15C91008522FF /* localization */,
				8F0019C921A8690700218500 /* Tadlaly.entitlements */,
				8FC403C1219A376400FA8325 /* Supporting files */,
				8F853B81217AC77C007311C8 /* Main.storyboard */,
				8FBA75B2217BE25600770A25 /* API */,
				8FBA75A7217B8A7D00770A25 /* Controller */,
				8FBA75A6217B8A7600770A25 /* View */,
				8FBA75A5217B8A1E00770A25 /* Model */,
			);
			path = Tadlaly;
			sourceTree = "<group>";
		};
		8F937190218566AB00903769 /* Extension */ = {
			isa = PBXGroup;
			children = (
				8FAE5642217D97A000B4B170 /* TextField+Extension.swift */,
				8FBA75B0217BE0B500770A25 /* JSON+Extension.swift */,
				8F039255227B974E00434EC8 /* String + Extension.swift */,
			);
			path = Extension;
			sourceTree = "<group>";
		};
		8FAE3CD621FF6E3E0083360D /* TableViewAnimation */ = {
			isa = PBXGroup;
			children = (
				8FAE3CD721FF6E3E0083360D /* UITableView+Ext.swift */,
				8FAE3CD821FF6E3E0083360D /* Animations.swift */,
				8FAE3CD921FF6E3E0083360D /* Animator.swift */,
			);
			path = TableViewAnimation;
			sourceTree = "<group>";
		};
		8FBA75A5217B8A1E00770A25 /* Model */ = {
			isa = PBXGroup;
			children = (
				8F47F576217ED17E00DFB255 /* SlidShowData.swift */,
				8F47F578217ED23100DFB255 /* CategoriesDep.swift */,
				8F6AE822217FB64B009CA176 /* Ad.swift */,
				8F08BE0D21A6614C00E6D73A /* MyAds.swift */,
				8F9371932186CDA700903769 /* BankAccounts.swift */,
				8F9371A9218940AF00903769 /* Message.swift */,
				8F00BA4C22538B1F0034A742 /* MyFollowers.swift */,
				8FF0C3D72259699D009B946A /* CategoryDep.swift */,
			);
			path = Model;
			sourceTree = "<group>";
		};
		8FBA75A6217B8A7600770A25 /* View */ = {
			isa = PBXGroup;
			children = (
				8F853B86217AC77C007311C8 /* LaunchScreen.storyboard */,
				8FBA75A8217B8B4C00770A25 /* ImageInsideTextField.swift */,
				8FBA75AA217B8F7C00770A25 /* SkipBorderButton.swift */,
				8FBA75AC217B905A00770A25 /* CornerButtons.swift */,
				8FE2364A228A3663007ADA7C /* ViewController + extensions.swift */,
				8F039257227B982F00434EC8 /* UITextField + extension.swift */,
				8F1B393622961ED000AF6DEF /* BadgeBarButtonItem.swift */,
				8FAE563C217CEBD200B4B170 /* CircleImage.swift */,
			);
			path = View;
			sourceTree = "<group>";
		};
		8FBA75A7217B8A7D00770A25 /* Controller */ = {
			isa = PBXGroup;
			children = (
				8F00BA472253726F0034A742 /* My Followers */,
				8F249675224BC9FD00A69168 /* BankAccount */,
				8F33A180223D710200E7D171 /* Commision */,
				8F740F3E21948F0E00A00943 /* Auth */,
				8FC403BE219A35C500FA8325 /* Home */,
				8FC403C4219A3A5600FA8325 /* Ads */,
				8FC403CA219A6C3600FA8325 /* Search */,
				8FC403CC219A6DBC00FA8325 /* AddAd */,
				8FC403CB219A6D4A00FA8325 /* MyAds */,
				8FC403C5219A3AA300FA8325 /* Msgs */,
				8F35F41A219FEA91008B2BD1 /* Others */,
			);
			path = Controller;
			sourceTree = "<group>";
		};
		8FBA75B2217BE25600770A25 /* API */ = {
			isa = PBXGroup;
			children = (
				8FBA75B3217BE2C000770A25 /* API.swift */,
				8F47F57A217ED85700DFB255 /* API+Ads.swift */,
				8F93719D2188043C00903769 /* API+UserAds.swift */,
				8F9371AF2189533600903769 /* API+Messages.swift */,
				8F00BA4522536DB20034A742 /* API + Follow.swift */,
			);
			path = API;
			sourceTree = "<group>";
		};
		8FC403BE219A35C500FA8325 /* Home */ = {
			isa = PBXGroup;
			children = (
				8FAE5640217D002D00B4B170 /* HomeVC.swift */,
				8F47F574217ED01700DFB255 /* CategoryCell.swift */,
				8FC403C2219A396A00FA8325 /* SubCell.swift */,
			);
			path = Home;
			sourceTree = "<group>";
		};
		8FC403C1219A376400FA8325 /* Supporting files */ = {
			isa = PBXGroup;
			children = (
				04138A2621D15C74008522FF /* CheckLanguage.swift */,
				04138A2521D15C73008522FF /* General.swift */,
				8FBA75B7217BE6D500770A25 /* helper.swift */,
				8FBA75AE217BDFC700770A25 /* Config.swift */,
				8FBA75B5217BE4FE00770A25 /* tap.wav */,
				8F9371A52188EDB500903769 /* Video.MOV */,
				8F937190218566AB00903769 /* Extension */,
			);
			path = "Supporting files";
			sourceTree = "<group>";
		};
		8FC403C4219A3A5600FA8325 /* Ads */ = {
			isa = PBXGroup;
			children = (
				8F47F570217EB43700DFB255 /* AdsVC.swift */,
				8F138FEF218210090083F90E /* AdContentVC.swift */,
				8F9DC628218043100068E4D5 /* AdCollectionCell.swift */,
				8F6AE820217FB068009CA176 /* AdCell.swift */,
			);
			path = Ads;
			sourceTree = "<group>";
		};
		8FC403C5219A3AA300FA8325 /* Msgs */ = {
			isa = PBXGroup;
			children = (
				8F9371A72189135800903769 /* ChatVC.swift */,
				8F9371B12189609F00903769 /* MessagesVC.swift */,
				8F9371AB2189420600903769 /* ChatCell.swift */,
				8F9371AD2189425200903769 /* MessagesCell.swift */,
			);
			path = Msgs;
			sourceTree = "<group>";
		};
		8FC403CA219A6C3600FA8325 /* Search */ = {
			isa = PBXGroup;
			children = (
				8F9DC62C2180CBC90068E4D5 /* SearchVC.swift */,
				8F9DC6302180E8E00068E4D5 /* searchCell.swift */,
			);
			path = Search;
			sourceTree = "<group>";
		};
		8FC403CB219A6D4A00FA8325 /* MyAds */ = {
			isa = PBXGroup;
			children = (
				8F93719B2187F3B500903769 /* MyAdsVC.swift */,
				8F9371992187F30300903769 /* UpdateMyAdVC.swift */,
				8F9371B3218979DE00903769 /* MyAdsCell.swift */,
				8F9371A12188A5E700903769 /* UpdateMyAdCell.swift */,
			);
			path = MyAds;
			sourceTree = "<group>";
		};
		8FC403CC219A6DBC00FA8325 /* AddAd */ = {
			isa = PBXGroup;
			children = (
				8F9371952187EBFD00903769 /* AddAdVC.swift */,
				8F9371972187EC6900903769 /* ContractVC.swift */,
				8F93719F2188A5BD00903769 /* AddAdCell.swift */,
			);
			path = AddAd;
			sourceTree = "<group>";
		};
		B8C73D13DA22A82DB196BAF7 /* Frameworks */ = {
			isa = PBXGroup;
			children = (
				76749E5A1B065322F63F0842 /* Pods_Tadlaly.framework */,
			);
			name = Frameworks;
			sourceTree = "<group>";
		};
/* End PBXGroup section */

/* Begin PBXNativeTarget section */
		8F853B79217AC77C007311C8 /* Tadlaly */ = {
			isa = PBXNativeTarget;
			buildConfigurationList = 8F853B8C217AC77C007311C8 /* Build configuration list for PBXNativeTarget "Tadlaly" */;
			buildPhases = (
				3370B85D16C0A393EF694BEC /* [CP] Check Pods Manifest.lock */,
				8F853B76217AC77C007311C8 /* Sources */,
				8F853B77217AC77C007311C8 /* Frameworks */,
				8F853B78217AC77C007311C8 /* Resources */,
				820BBFA004FD50F06D131DEB /* [CP] Embed Pods Frameworks */,
			);
			buildRules = (
			);
			dependencies = (
			);
			name = Tadlaly;
			productName = Tadlaly;
			productReference = 8F853B7A217AC77C007311C8 /* Tadlaly.app */;
			productType = "com.apple.product-type.application";
		};
/* End PBXNativeTarget section */

/* Begin PBXProject section */
		8F853B72217AC77C007311C8 /* Project object */ = {
			isa = PBXProject;
			attributes = {
				LastSwiftUpdateCheck = 0920;
				LastUpgradeCheck = 1010;
				ORGANIZATIONNAME = MahmoudHajar;
				TargetAttributes = {
					8F853B79217AC77C007311C8 = {
						CreatedOnToolsVersion = 9.2;
						LastSwiftMigration = 1010;
						SystemCapabilities = {
							com.apple.ApplicationGroups.iOS = {
								enabled = 0;
							};
							com.apple.BackgroundModes = {
								enabled = 1;
							};
							com.apple.Push = {
								enabled = 1;
							};
							com.apple.WAC = {
								enabled = 0;
							};
						};
					};
				};
			};
			buildConfigurationList = 8F853B75217AC77C007311C8 /* Build configuration list for PBXProject "Tadlaly" */;
			compatibilityVersion = "Xcode 10.0";
			developmentRegion = en;
			hasScannedForEncodings = 0;
			knownRegions = (
				en,
				Base,
				ar,
			);
			mainGroup = 8F853B71217AC77C007311C8;
			productRefGroup = 8F853B7B217AC77C007311C8 /* Products */;
			projectDirPath = "";
			projectRoot = "";
			targets = (
				8F853B79217AC77C007311C8 /* Tadlaly */,
			);
		};
/* End PBXProject section */

/* Begin PBXResourcesBuildPhase section */
		8F853B78217AC77C007311C8 /* Resources */ = {
			isa = PBXResourcesBuildPhase;
			buildActionMask = 2147483647;
			files = (
				8FBA75B6217BE4FE00770A25 /* tap.wav in Resources */,
				8F853B88217AC77C007311C8 /* LaunchScreen.storyboard in Resources */,
				8F853B85217AC77C007311C8 /* Assets.xcassets in Resources */,
				8F9371A62188EDB600903769 /* Video.MOV in Resources */,
				8F853B83217AC77C007311C8 /* Main.storyboard in Resources */,
				04138A2D21D15C92008522FF /* Localizable.strings in Resources */,
				8F07FE6721CDD30600B3B529 /* GoogleService-Info.plist in Resources */,
			);
			runOnlyForDeploymentPostprocessing = 0;
		};
/* End PBXResourcesBuildPhase section */

/* Begin PBXShellScriptBuildPhase section */
		3370B85D16C0A393EF694BEC /* [CP] Check Pods Manifest.lock */ = {
			isa = PBXShellScriptBuildPhase;
			buildActionMask = 2147483647;
			files = (
			);
			inputPaths = (
				"${PODS_PODFILE_DIR_PATH}/Podfile.lock",
				"${PODS_ROOT}/Manifest.lock",
			);
			name = "[CP] Check Pods Manifest.lock";
			outputPaths = (
				"$(DERIVED_FILE_DIR)/Pods-Tadlaly-checkManifestLockResult.txt",
			);
			runOnlyForDeploymentPostprocessing = 0;
			shellPath = /bin/sh;
			shellScript = "diff \"${PODS_PODFILE_DIR_PATH}/Podfile.lock\" \"${PODS_ROOT}/Manifest.lock\" > /dev/null\nif [ $? != 0 ] ; then\n    # print error to STDERR\n    echo \"error: The sandbox is not in sync with the Podfile.lock. Run 'pod install' or update your CocoaPods installation.\" >&2\n    exit 1\nfi\n# This output is used by Xcode 'outputs' to avoid re-running this script phase.\necho \"SUCCESS\" > \"${SCRIPT_OUTPUT_FILE_0}\"\n";
			showEnvVarsInLog = 0;
		};
		820BBFA004FD50F06D131DEB /* [CP] Embed Pods Frameworks */ = {
			isa = PBXShellScriptBuildPhase;
			buildActionMask = 2147483647;
			files = (
			);
			inputFileListPaths = (
				"${PODS_ROOT}/Target Support Files/Pods-Tadlaly/Pods-Tadlaly-frameworks-${CONFIGURATION}-input-files.xcfilelist",
			);
			name = "[CP] Embed Pods Frameworks";
			outputFileListPaths = (
				"${PODS_ROOT}/Target Support Files/Pods-Tadlaly/Pods-Tadlaly-frameworks-${CONFIGURATION}-output-files.xcfilelist",
			);
			runOnlyForDeploymentPostprocessing = 0;
			shellPath = /bin/sh;
			shellScript = "\"${PODS_ROOT}/Target Support Files/Pods-Tadlaly/Pods-Tadlaly-frameworks.sh\"\n";
			showEnvVarsInLog = 0;
		};
/* End PBXShellScriptBuildPhase section */

/* Begin PBXSourcesBuildPhase section */
		8F853B76217AC77C007311C8 /* Sources */ = {
			isa = PBXSourcesBuildPhase;
			buildActionMask = 2147483647;
			files = (
				8F24967B224BD08C00A69168 /* BankAccountCell.swift in Sources */,
				8F47F57B217ED85700DFB255 /* API+Ads.swift in Sources */,
				8FBA75B8217BE6D500770A25 /* helper.swift in Sources */,
				8FF0C3D8225969A1009B946A /* CategoryDep.swift in Sources */,
				8F9371A22188A5E700903769 /* UpdateMyAdCell.swift in Sources */,
				8FAE5641217D002E00B4B170 /* HomeVC.swift in Sources */,
				8F47F577217ED17E00DFB255 /* SlidShowData.swift in Sources */,
				04138A2821D15C74008522FF /* CheckLanguage.swift in Sources */,
				8F138FF0218210090083F90E /* AdContentVC.swift in Sources */,
				8FBA75A9217B8B4C00770A25 /* ImageInsideTextField.swift in Sources */,
				8F00BA4622536DB20034A742 /* API + Follow.swift in Sources */,
				8F853B80217AC77C007311C8 /* LogInVC.swift in Sources */,
				8F9371A82189135900903769 /* ChatVC.swift in Sources */,
				8F47F575217ED01700DFB255 /* CategoryCell.swift in Sources */,
				8F6AE823217FB64C009CA176 /* Ad.swift in Sources */,
				8FBA75BC217BFCC100770A25 /* RegisterVC.swift in Sources */,
				8F9371B4218979DE00903769 /* MyAdsCell.swift in Sources */,
				8FAE3CDB21FF6E3F0083360D /* Animations.swift in Sources */,
				8F9371982187EC6900903769 /* ContractVC.swift in Sources */,
				8F9DC6312180E8E10068E4D5 /* searchCell.swift in Sources */,
				8FAE563D217CEBD200B4B170 /* CircleImage.swift in Sources */,
				8F9371AA218940B000903769 /* Message.swift in Sources */,
				8F93719C2187F3B500903769 /* MyAdsVC.swift in Sources */,
				8FAE3CDC21FF6E3F0083360D /* Animator.swift in Sources */,
				8F93719E2188043C00903769 /* API+UserAds.swift in Sources */,
				8F039258227B982F00434EC8 /* UITextField + extension.swift in Sources */,
				8F00BA4B225374E80034A742 /* MyFollowCell.swift in Sources */,
				8F47F571217EB43900DFB255 /* AdsVC.swift in Sources */,
				8FBA75B1217BE0B500770A25 /* JSON+Extension.swift in Sources */,
				8FBA75AB217B8F7D00770A25 /* SkipBorderButton.swift in Sources */,
				8F9371942186CDA700903769 /* BankAccounts.swift in Sources */,
				8F82767721EE958B00674934 /* SWRevealViewController.m in Sources */,
				8F47F579217ED23100DFB255 /* CategoriesDep.swift in Sources */,
				8F00BA49225373F50034A742 /* MyFollowersVC.swift in Sources */,
				8FAE5643217D97A000B4B170 /* TextField+Extension.swift in Sources */,
				8F82767921EE9A2B00674934 /* SliderTableViewController.swift in Sources */,
				8F9371B02189533600903769 /* API+Messages.swift in Sources */,
				8F3577ED224ACF4B00361FFD /* NavigationController.swift in Sources */,
				8F9DC629218043120068E4D5 /* AdCollectionCell.swift in Sources */,
				8F08BE0E21A6614C00E6D73A /* MyAds.swift in Sources */,
				8FAE563F217CEC8A00B4B170 /* ForgetPasswordVC.swift in Sources */,
				8F9DC62D2180CBC90068E4D5 /* SearchVC.swift in Sources */,
				8F1B393722961ED000AF6DEF /* BadgeBarButtonItem.swift in Sources */,
				8F93718D2183C76400903769 /* RulesVC.swift in Sources */,
				8F9371962187EBFD00903769 /* AddAdVC.swift in Sources */,
				8F9371A02188A5BD00903769 /* AddAdCell.swift in Sources */,
				8F6AE821217FB069009CA176 /* AdCell.swift in Sources */,
				8F853B7E217AC77C007311C8 /* AppDelegate.swift in Sources */,
				8F93719A2187F30300903769 /* UpdateMyAdVC.swift in Sources */,
				8F9371B22189609F00903769 /* MessagesVC.swift in Sources */,
				8F9371AE2189425200903769 /* MessagesCell.swift in Sources */,
				8F9371A42188E2F000903769 /* LaunchScreenVC.swift in Sources */,
				8F9DC62B2180C17E0068E4D5 /* AboutUsVC.swift in Sources */,
				8F33A182223D71E800E7D171 /* BankCell.swift in Sources */,
				8F9371922186CB5200903769 /* CommisionVC.swift in Sources */,
				8FBA75AD217B905A00770A25 /* CornerButtons.swift in Sources */,
				8F00BA4D22538B1F0034A742 /* MyFollowers.swift in Sources */,
				8FBA75B4217BE2C000770A25 /* API.swift in Sources */,
				04138A2721D15C74008522FF /* General.swift in Sources */,
				8FAE3CDA21FF6E3F0083360D /* UITableView+Ext.swift in Sources */,
				8F9371AC2189420600903769 /* ChatCell.swift in Sources */,
				8F93718F21841EF800903769 /* ProfileVC.swift in Sources */,
				8FBA75AF217BDFC700770A25 /* Config.swift in Sources */,
				8FC403C3219A396A00FA8325 /* SubCell.swift in Sources */,
				8F039256227B974F00434EC8 /* String + Extension.swift in Sources */,
				8F249677224BCA7400A69168 /* BankVC.swift in Sources */,
				8F9DC62F2180CE170068E4D5 /* ContactUsVC.swift in Sources */,
				8FE2364B228A3663007ADA7C /* ViewController + extensions.swift in Sources */,
			);
			runOnlyForDeploymentPostprocessing = 0;
		};
/* End PBXSourcesBuildPhase section */

/* Begin PBXVariantGroup section */
		04138A2A21D15C91008522FF /* Localizable.strings */ = {
			isa = PBXVariantGroup;
			children = (
				04138A2B21D15C91008522FF /* ar */,
			);
			name = Localizable.strings;
			sourceTree = "<group>";
		};
		8F853B81217AC77C007311C8 /* Main.storyboard */ = {
			isa = PBXVariantGroup;
			children = (
				8F853B82217AC77C007311C8 /* Base */,
				8FDD1166218D5BF200219064 /* ar */,
			);
			name = Main.storyboard;
			sourceTree = "<group>";
		};
		8F853B86217AC77C007311C8 /* LaunchScreen.storyboard */ = {
			isa = PBXVariantGroup;
			children = (
				8F853B87217AC77C007311C8 /* Base */,
				8FDD1167218D5BF200219064 /* ar */,
			);
			name = LaunchScreen.storyboard;
			sourceTree = "<group>";
		};
/* End PBXVariantGroup section */

/* Begin XCBuildConfiguration section */
		8F853B8A217AC77C007311C8 /* Debug */ = {
			isa = XCBuildConfiguration;
			buildSettings = {
				ALWAYS_SEARCH_USER_PATHS = NO;
				CLANG_ANALYZER_LOCALIZABILITY_NONLOCALIZED = YES;
				CLANG_ANALYZER_NONNULL = YES;
				CLANG_ANALYZER_NUMBER_OBJECT_CONVERSION = YES_AGGRESSIVE;
				CLANG_CXX_LANGUAGE_STANDARD = "gnu++14";
				CLANG_CXX_LIBRARY = "libc++";
				CLANG_ENABLE_MODULES = YES;
				CLANG_ENABLE_OBJC_ARC = YES;
				CLANG_WARN_BLOCK_CAPTURE_AUTORELEASING = YES;
				CLANG_WARN_BOOL_CONVERSION = YES;
				CLANG_WARN_COMMA = YES;
				CLANG_WARN_CONSTANT_CONVERSION = YES;
				CLANG_WARN_DEPRECATED_OBJC_IMPLEMENTATIONS = YES;
				CLANG_WARN_DIRECT_OBJC_ISA_USAGE = YES_ERROR;
				CLANG_WARN_DOCUMENTATION_COMMENTS = YES;
				CLANG_WARN_EMPTY_BODY = YES;
				CLANG_WARN_ENUM_CONVERSION = YES;
				CLANG_WARN_INFINITE_RECURSION = YES;
				CLANG_WARN_INT_CONVERSION = YES;
				CLANG_WARN_NON_LITERAL_NULL_CONVERSION = YES;
				CLANG_WARN_OBJC_IMPLICIT_RETAIN_SELF = YES;
				CLANG_WARN_OBJC_LITERAL_CONVERSION = YES;
				CLANG_WARN_OBJC_ROOT_CLASS = YES_ERROR;
				CLANG_WARN_RANGE_LOOP_ANALYSIS = YES;
				CLANG_WARN_STRICT_PROTOTYPES = YES;
				CLANG_WARN_SUSPICIOUS_MOVE = YES;
				CLANG_WARN_UNGUARDED_AVAILABILITY = YES_AGGRESSIVE;
				CLANG_WARN_UNREACHABLE_CODE = YES;
				CLANG_WARN__DUPLICATE_METHOD_MATCH = YES;
				CODE_SIGN_IDENTITY = "iPhone Developer";
				COPY_PHASE_STRIP = NO;
				DEBUG_INFORMATION_FORMAT = dwarf;
				ENABLE_STRICT_OBJC_MSGSEND = YES;
				ENABLE_TESTABILITY = YES;
				GCC_C_LANGUAGE_STANDARD = gnu11;
				GCC_DYNAMIC_NO_PIC = NO;
				GCC_NO_COMMON_BLOCKS = YES;
				GCC_OPTIMIZATION_LEVEL = 0;
				GCC_PREPROCESSOR_DEFINITIONS = (
					"DEBUG=1",
					"$(inherited)",
				);
				GCC_WARN_64_TO_32_BIT_CONVERSION = YES;
				GCC_WARN_ABOUT_RETURN_TYPE = YES_ERROR;
				GCC_WARN_UNDECLARED_SELECTOR = YES;
				GCC_WARN_UNINITIALIZED_AUTOS = YES_AGGRESSIVE;
				GCC_WARN_UNUSED_FUNCTION = YES;
				GCC_WARN_UNUSED_VARIABLE = YES;
				IPHONEOS_DEPLOYMENT_TARGET = 12.2;
				MTL_ENABLE_DEBUG_INFO = YES;
				ONLY_ACTIVE_ARCH = YES;
				SDKROOT = iphoneos;
				SWIFT_ACTIVE_COMPILATION_CONDITIONS = DEBUG;
				SWIFT_OPTIMIZATION_LEVEL = "-Onone";
				SWIFT_VERSION = 5.0;
			};
			name = Debug;
		};
		8F853B8B217AC77C007311C8 /* Release */ = {
			isa = XCBuildConfiguration;
			buildSettings = {
				ALWAYS_SEARCH_USER_PATHS = NO;
				CLANG_ANALYZER_LOCALIZABILITY_NONLOCALIZED = YES;
				CLANG_ANALYZER_NONNULL = YES;
				CLANG_ANALYZER_NUMBER_OBJECT_CONVERSION = YES_AGGRESSIVE;
				CLANG_CXX_LANGUAGE_STANDARD = "gnu++14";
				CLANG_CXX_LIBRARY = "libc++";
				CLANG_ENABLE_MODULES = YES;
				CLANG_ENABLE_OBJC_ARC = YES;
				CLANG_WARN_BLOCK_CAPTURE_AUTORELEASING = YES;
				CLANG_WARN_BOOL_CONVERSION = YES;
				CLANG_WARN_COMMA = YES;
				CLANG_WARN_CONSTANT_CONVERSION = YES;
				CLANG_WARN_DEPRECATED_OBJC_IMPLEMENTATIONS = YES;
				CLANG_WARN_DIRECT_OBJC_ISA_USAGE = YES_ERROR;
				CLANG_WARN_DOCUMENTATION_COMMENTS = YES;
				CLANG_WARN_EMPTY_BODY = YES;
				CLANG_WARN_ENUM_CONVERSION = YES;
				CLANG_WARN_INFINITE_RECURSION = YES;
				CLANG_WARN_INT_CONVERSION = YES;
				CLANG_WARN_NON_LITERAL_NULL_CONVERSION = YES;
				CLANG_WARN_OBJC_IMPLICIT_RETAIN_SELF = YES;
				CLANG_WARN_OBJC_LITERAL_CONVERSION = YES;
				CLANG_WARN_OBJC_ROOT_CLASS = YES_ERROR;
				CLANG_WARN_RANGE_LOOP_ANALYSIS = YES;
				CLANG_WARN_STRICT_PROTOTYPES = YES;
				CLANG_WARN_SUSPICIOUS_MOVE = YES;
				CLANG_WARN_UNGUARDED_AVAILABILITY = YES_AGGRESSIVE;
				CLANG_WARN_UNREACHABLE_CODE = YES;
				CLANG_WARN__DUPLICATE_METHOD_MATCH = YES;
				CODE_SIGN_IDENTITY = "iPhone Developer";
				COPY_PHASE_STRIP = NO;
				DEBUG_INFORMATION_FORMAT = "dwarf-with-dsym";
				ENABLE_NS_ASSERTIONS = NO;
				ENABLE_STRICT_OBJC_MSGSEND = YES;
				GCC_C_LANGUAGE_STANDARD = gnu11;
				GCC_NO_COMMON_BLOCKS = YES;
				GCC_WARN_64_TO_32_BIT_CONVERSION = YES;
				GCC_WARN_ABOUT_RETURN_TYPE = YES_ERROR;
				GCC_WARN_UNDECLARED_SELECTOR = YES;
				GCC_WARN_UNINITIALIZED_AUTOS = YES_AGGRESSIVE;
				GCC_WARN_UNUSED_FUNCTION = YES;
				GCC_WARN_UNUSED_VARIABLE = YES;
				IPHONEOS_DEPLOYMENT_TARGET = 12.2;
				MTL_ENABLE_DEBUG_INFO = NO;
				SDKROOT = iphoneos;
				SWIFT_COMPILATION_MODE = wholemodule;
				SWIFT_OPTIMIZATION_LEVEL = "-O";
				SWIFT_VERSION = 5.0;
				VALIDATE_PRODUCT = YES;
			};
			name = Release;
		};
		8F853B8D217AC77C007311C8 /* Debug */ = {
			isa = XCBuildConfiguration;
			baseConfigurationReference = B890D90DC3008670EB6713AB /* Pods-Tadlaly.debug.xcconfig */;
			buildSettings = {
				ASSETCATALOG_COMPILER_APPICON_NAME = AppIcon;
				CLANG_ENABLE_MODULES = YES;
				CODE_SIGN_ENTITLEMENTS = Tadlaly/Tadlaly.entitlements;
				CODE_SIGN_IDENTITY = "iPhone Developer";
				CODE_SIGN_STYLE = Automatic;
				DEVELOPMENT_TEAM = ZYXWKAWWZ4;
				INFOPLIST_FILE = "$(SRCROOT)/Info.plist";
				IPHONEOS_DEPLOYMENT_TARGET = 11.0;
				LD_RUNPATH_SEARCH_PATHS = (
					"$(inherited)",
					"@executable_path/Frameworks",
				);
				PRODUCT_BUNDLE_IDENTIFIER = com.appzone.tdlaly;
				PRODUCT_NAME = "$(TARGET_NAME)";
				PROVISIONING_PROFILE_SPECIFIER = "";
				SWIFT_OBJC_BRIDGING_HEADER = "Tadlaly/Tadlaly-Bridging-Header.h";
				SWIFT_OPTIMIZATION_LEVEL = "-Onone";
				SWIFT_VERSION = 5.0;
				TARGETED_DEVICE_FAMILY = "1,2";
			};
			name = Debug;
		};
		8F853B8E217AC77C007311C8 /* Release */ = {
			isa = XCBuildConfiguration;
			baseConfigurationReference = EDA64B03E5E27BC4D874572B /* Pods-Tadlaly.release.xcconfig */;
			buildSettings = {
				ASSETCATALOG_COMPILER_APPICON_NAME = AppIcon;
				CLANG_ENABLE_MODULES = YES;
				CODE_SIGN_ENTITLEMENTS = Tadlaly/Tadlaly.entitlements;
				CODE_SIGN_IDENTITY = "iPhone Developer";
				CODE_SIGN_STYLE = Automatic;
				DEVELOPMENT_TEAM = ZYXWKAWWZ4;
				INFOPLIST_FILE = "$(SRCROOT)/Info.plist";
				IPHONEOS_DEPLOYMENT_TARGET = 11.0;
				LD_RUNPATH_SEARCH_PATHS = (
					"$(inherited)",
					"@executable_path/Frameworks",
				);
				PRODUCT_BUNDLE_IDENTIFIER = com.appzone.tdlaly;
				PRODUCT_NAME = "$(TARGET_NAME)";
				PROVISIONING_PROFILE_SPECIFIER = "";
				SWIFT_OBJC_BRIDGING_HEADER = "Tadlaly/Tadlaly-Bridging-Header.h";
				SWIFT_OPTIMIZATION_LEVEL = "-Onone";
				SWIFT_VERSION = 5.0;
				TARGETED_DEVICE_FAMILY = "1,2";
			};
			name = Release;
		};
/* End XCBuildConfiguration section */

/* Begin XCConfigurationList section */
		8F853B75217AC77C007311C8 /* Build configuration list for PBXProject "Tadlaly" */ = {
			isa = XCConfigurationList;
			buildConfigurations = (
				8F853B8A217AC77C007311C8 /* Debug */,
				8F853B8B217AC77C007311C8 /* Release */,
			);
			defaultConfigurationIsVisible = 0;
			defaultConfigurationName = Release;
		};
		8F853B8C217AC77C007311C8 /* Build configuration list for PBXNativeTarget "Tadlaly" */ = {
			isa = XCConfigurationList;
			buildConfigurations = (
				8F853B8D217AC77C007311C8 /* Debug */,
				8F853B8E217AC77C007311C8 /* Release */,
			);
			defaultConfigurationIsVisible = 0;
			defaultConfigurationName = Release;
		};
/* End XCConfigurationList section */
	};
	rootObject = 8F853B72217AC77C007311C8 /* Project object */;
}
